
Microsoft Visual Studio Solution File, Format Version 12.00
# Visual Studio Version 16
VisualStudioVersion = 16.0.33027.164
MinimumVisualStudioVersion = 10.0.40219.1
Project("{FAE04EC0-301F-11D3-BF4B-00C04F79EFBC}") = "PSA_Projekat", "PSA_Projekat\PSA_Projekat.csproj", "{4A3F9505-DDB6-42C0-80A4-D3C857A7AA8A}"
EndProject
Global
	GlobalSection(SolutionConfigurationPlatforms) = preSolution
		Debug|Any CPU = Debug|Any CPU
		Release|Any CPU = Release|Any CPU
	EndGlobalSection
	GlobalSection(ProjectConfigurationPlatforms) = postSolution
		{4A3F9505-DDB6-42C0-80A4-D3C857A7AA8A}.Debug|Any CPU.ActiveCfg = Debug|Any CPU
		{4A3F9505-DDB6-42C0-80A4-D3C857A7AA8A}.Debug|Any CPU.Build.0 = Debug|Any CPU
		{4A3F9505-DDB6-42C0-80A4-D3C857A7AA8A}.Release|Any CPU.ActiveCfg = Release|Any CPU
		{4A3F9505-DDB6-42C0-80A4-D3C857A7AA8A}.Release|Any CPU.Build.0 = Release|Any CPU
	EndGlobalSection
	GlobalSection(SolutionProperties) = preSolution
		HideSolutionNode = FALSE
	EndGlobalSection
	GlobalSection(ExtensibilityGlobals) = postSolution
		SolutionGuid = {AEB2A813-371E-4940-92AC-218D6B771EDC}
	EndGlobalSection
EndGlobal
